
Microsoft Visual Studio Solution File, Format Version 12.00
# Visual Studio Version 17
VisualStudioVersion = 17.8.34330.188
MinimumVisualStudioVersion = 10.0.40219.1
Project("{9A19103F-16F7-4668-BE54-9A1E7A4F7556}") = "CalculadoraJuros", "CalculadoraJuros.csproj", "{5CFE45D9-BC94-483E-9486-03898DC0C151}"
EndProject
Project("{9A19103F-16F7-4668-BE54-9A1E7A4F7556}") = "CalculadoraJurosTeste", "..\CalculadoraJurosTeste\CalculadoraJurosTeste.csproj", "{94E0E9A7-83CB-4593-8060-7D181772246E}"
EndProject
Project("{FAE04EC0-301F-11D3-BF4B-00C04F79EFBC}") = "BackInvestToolsTeste", "..\BackInvestToolsTeste\BackInvestToolsTeste.csproj", "{66AAB6AD-BAF1-437C-A71F-36BE5D30CCCB}"
EndProject
Global
	GlobalSection(SolutionConfigurationPlatforms) = preSolution
		Debug|Any CPU = Debug|Any CPU
		Release|Any CPU = Release|Any CPU
	EndGlobalSection
	GlobalSection(ProjectConfigurationPlatforms) = postSolution
		{5CFE45D9-BC94-483E-9486-03898DC0C151}.Debug|Any CPU.ActiveCfg = Debug|Any CPU
		{5CFE45D9-BC94-483E-9486-03898DC0C151}.Debug|Any CPU.Build.0 = Debug|Any CPU
		{5CFE45D9-BC94-483E-9486-03898DC0C151}.Release|Any CPU.ActiveCfg = Release|Any CPU
		{5CFE45D9-BC94-483E-9486-03898DC0C151}.Release|Any CPU.Build.0 = Release|Any CPU
		{94E0E9A7-83CB-4593-8060-7D181772246E}.Debug|Any CPU.ActiveCfg = Debug|Any CPU
		{94E0E9A7-83CB-4593-8060-7D181772246E}.Debug|Any CPU.Build.0 = Debug|Any CPU
		{94E0E9A7-83CB-4593-8060-7D181772246E}.Release|Any CPU.ActiveCfg = Release|Any CPU
		{94E0E9A7-83CB-4593-8060-7D181772246E}.Release|Any CPU.Build.0 = Release|Any CPU
		{66AAB6AD-BAF1-437C-A71F-36BE5D30CCCB}.Debug|Any CPU.ActiveCfg = Debug|Any CPU
		{66AAB6AD-BAF1-437C-A71F-36BE5D30CCCB}.Debug|Any CPU.Build.0 = Debug|Any CPU
		{66AAB6AD-BAF1-437C-A71F-36BE5D30CCCB}.Release|Any CPU.ActiveCfg = Release|Any CPU
		{66AAB6AD-BAF1-437C-A71F-36BE5D30CCCB}.Release|Any CPU.Build.0 = Release|Any CPU
	EndGlobalSection
	GlobalSection(SolutionProperties) = preSolution
		HideSolutionNode = FALSE
	EndGlobalSection
	GlobalSection(ExtensibilityGlobals) = postSolution
		SolutionGuid = {6C45780F-31A8-48C9-887A-240FBD208ECB}
	EndGlobalSection
EndGlobal
